// !$*UTF8*$!
{
	archiveVersion = 1;
	classes = {
	};
	objectVersion = 50;
	objects = {

/* Begin PBXBuildFile section */
		04887E5A2463F4FC0079C3DF /* AppDelegate.swift in Sources */ = {isa = PBXBuildFile; fileRef = 04887E592463F4FC0079C3DF /* AppDelegate.swift */; };
		04887E5C2463F4FC0079C3DF /* SceneDelegate.swift in Sources */ = {isa = PBXBuildFile; fileRef = 04887E5B2463F4FC0079C3DF /* SceneDelegate.swift */; };
		04887E5E2463F4FC0079C3DF /* ViewController.swift in Sources */ = {isa = PBXBuildFile; fileRef = 04887E5D2463F4FC0079C3DF /* ViewController.swift */; };
		04887E612463F4FC0079C3DF /* Main.storyboard in Resources */ = {isa = PBXBuildFile; fileRef = 04887E5F2463F4FC0079C3DF /* Main.storyboard */; };
		04887E632463F4FE0079C3DF /* Assets.xcassets in Resources */ = {isa = PBXBuildFile; fileRef = 04887E622463F4FE0079C3DF /* Assets.xcassets */; };
		04887E662463F4FE0079C3DF /* LaunchScreen.storyboard in Resources */ = {isa = PBXBuildFile; fileRef = 04887E642463F4FE0079C3DF /* LaunchScreen.storyboard */; };
		04887E712463F4FF0079C3DF /* AdvanceSwiftTests.swift in Sources */ = {isa = PBXBuildFile; fileRef = 04887E702463F4FF0079C3DF /* AdvanceSwiftTests.swift */; };
		04887E7C2463F4FF0079C3DF /* AdvanceSwiftUITests.swift in Sources */ = {isa = PBXBuildFile; fileRef = 04887E7B2463F4FF0079C3DF /* AdvanceSwiftUITests.swift */; };
/* End PBXBuildFile section */

/* Begin PBXContainerItemProxy section */
		04887E6D2463F4FF0079C3DF /* PBXContainerItemProxy */ = {
			isa = PBXContainerItemProxy;
			containerPortal = 04887E4E2463F4FC0079C3DF /* Project object */;
			proxyType = 1;
			remoteGlobalIDString = 04887E552463F4FC0079C3DF;
			remoteInfo = AdvanceSwift;
		};
		04887E782463F4FF0079C3DF /* PBXContainerItemProxy */ = {
			isa = PBXContainerItemProxy;
			containerPortal = 04887E4E2463F4FC0079C3DF /* Project object */;
			proxyType = 1;
			remoteGlobalIDString = 04887E552463F4FC0079C3DF;
			remoteInfo = AdvanceSwift;
		};
/* End PBXContainerItemProxy section */

/* Begin PBXFileReference section */
		048349F724653A9800BB1FBB /* MyPlayground.playground */ = {isa = PBXFileReference; lastKnownFileType = file.playground; name = MyPlayground.playground; path = ../MyPlayground.playground; sourceTree = "<group>"; xcLanguageSpecificationIdentifier = xcode.lang.swift; };
		04887E562463F4FC0079C3DF /* AdvanceSwift.app */ = {isa = PBXFileReference; explicitFileType = wrapper.application; includeInIndex = 0; path = AdvanceSwift.app; sourceTree = BUILT_PRODUCTS_DIR; };
		04887E592463F4FC0079C3DF /* AppDelegate.swift */ = {isa = PBXFileReference; lastKnownFileType = sourcecode.swift; path = AppDelegate.swift; sourceTree = "<group>"; };
		04887E5B2463F4FC0079C3DF /* SceneDelegate.swift */ = {isa = PBXFileReference; lastKnownFileType = sourcecode.swift; path = SceneDelegate.swift; sourceTree = "<group>"; };
		04887E5D2463F4FC0079C3DF /* ViewController.swift */ = {isa = PBXFileReference; lastKnownFileType = sourcecode.swift; path = ViewController.swift; sourceTree = "<group>"; };
		04887E602463F4FC0079C3DF /* Base */ = {isa = PBXFileReference; lastKnownFileType = file.storyboard; name = Base; path = Base.lproj/Main.storyboard; sourceTree = "<group>"; };
		04887E622463F4FE0079C3DF /* Assets.xcassets */ = {isa = PBXFileReference; lastKnownFileType = folder.assetcatalog; path = Assets.xcassets; sourceTree = "<group>"; };
		04887E652463F4FE0079C3DF /* Base */ = {isa = PBXFileReference; lastKnownFileType = file.storyboard; name = Base; path = Base.lproj/LaunchScreen.storyboard; sourceTree = "<group>"; };
		04887E672463F4FE0079C3DF /* Info.plist */ = {isa = PBXFileReference; lastKnownFileType = text.plist.xml; path = Info.plist; sourceTree = "<group>"; };
		04887E6C2463F4FF0079C3DF /* AdvanceSwiftTests.xctest */ = {isa = PBXFileReference; explicitFileType = wrapper.cfbundle; includeInIndex = 0; path = AdvanceSwiftTests.xctest; sourceTree = BUILT_PRODUCTS_DIR; };
		04887E702463F4FF0079C3DF /* AdvanceSwiftTests.swift */ = {isa = PBXFileReference; lastKnownFileType = sourcecode.swift; path = AdvanceSwiftTests.swift; sourceTree = "<group>"; };
		04887E722463F4FF0079C3DF /* Info.plist */ = {isa = PBXFileReference; lastKnownFileType = text.plist.xml; path = Info.plist; sourceTree = "<group>"; };
		04887E772463F4FF0079C3DF /* AdvanceSwiftUITests.xctest */ = {isa = PBXFileReference; explicitFileType = wrapper.cfbundle; includeInIndex = 0; path = AdvanceSwiftUITests.xctest; sourceTree = BUILT_PRODUCTS_DIR; };
		04887E7B2463F4FF0079C3DF /* AdvanceSwiftUITests.swift */ = {isa = PBXFileReference; lastKnownFileType = sourcecode.swift; path = AdvanceSwiftUITests.swift; sourceTree = "<group>"; };
		04887E7D2463F4FF0079C3DF /* Info.plist */ = {isa = PBXFileReference; lastKnownFileType = text.plist.xml; path = Info.plist; sourceTree = "<group>"; };
/* End PBXFileReference section */

/* Begin PBXFrameworksBuildPhase section */
		04887E532463F4FC0079C3DF /* Frameworks */ = {
			isa = PBXFrameworksBuildPhase;
			buildActionMask = 2147483647;
			files = (
			);
			runOnlyForDeploymentPostprocessing = 0;
		};
		04887E692463F4FF0079C3DF /* Frameworks */ = {
			isa = PBXFrameworksBuildPhase;
			buildActionMask = 2147483647;
			files = (
			);
			runOnlyForDeploymentPostprocessing = 0;
		};
		04887E742463F4FF0079C3DF /* Frameworks */ = {
			isa = PBXFrameworksBuildPhase;
			buildActionMask = 2147483647;
			files = (
			);
			runOnlyForDeploymentPostprocessing = 0;
		};
/* End PBXFrameworksBuildPhase section */

/* Begin PBXGroup section */
		04887E4D2463F4FC0079C3DF = {
			isa = PBXGroup;
			children = (
				048349F724653A9800BB1FBB /* MyPlayground.playground */,
				04887E582463F4FC0079C3DF /* AdvanceSwift */,
				04887E6F2463F4FF0079C3DF /* AdvanceSwiftTests */,
				04887E7A2463F4FF0079C3DF /* AdvanceSwiftUITests */,
				04887E572463F4FC0079C3DF /* Products */,
			);
			sourceTree = "<group>";
		};
		04887E572463F4FC0079C3DF /* Products */ = {
			isa = PBXGroup;
			children = (
				04887E562463F4FC0079C3DF /* AdvanceSwift.app */,
				04887E6C2463F4FF0079C3DF /* AdvanceSwiftTests.xctest */,
				04887E772463F4FF0079C3DF /* AdvanceSwiftUITests.xctest */,
			);
			name = Products;
			sourceTree = "<group>";
		};
		04887E582463F4FC0079C3DF /* AdvanceSwift */ = {
			isa = PBXGroup;
			children = (
				04887E592463F4FC0079C3DF /* AppDelegate.swift */,
				04887E5B2463F4FC0079C3DF /* SceneDelegate.swift */,
				04887E5D2463F4FC0079C3DF /* ViewController.swift */,
				04887E5F2463F4FC0079C3DF /* Main.storyboard */,
				04887E622463F4FE0079C3DF /* Assets.xcassets */,
				04887E642463F4FE0079C3DF /* LaunchScreen.storyboard */,
				04887E672463F4FE0079C3DF /* Info.plist */,
			);
			path = AdvanceSwift;
			sourceTree = "<group>";
		};
		04887E6F2463F4FF0079C3DF /* AdvanceSwiftTests */ = {
			isa = PBXGroup;
			children = (
				04887E702463F4FF0079C3DF /* AdvanceSwiftTests.swift */,
				04887E722463F4FF0079C3DF /* Info.plist */,
			);
			path = AdvanceSwiftTests;
			sourceTree = "<group>";
		};
		04887E7A2463F4FF0079C3DF /* AdvanceSwiftUITests */ = {
			isa = PBXGroup;
			children = (
				04887E7B2463F4FF0079C3DF /* AdvanceSwiftUITests.swift */,
				04887E7D2463F4FF0079C3DF /* Info.plist */,
			);
			path = AdvanceSwiftUITests;
			sourceTree = "<group>";
		};
/* End PBXGroup section */

/* Begin PBXNativeTarget section */
		04887E552463F4FC0079C3DF /* AdvanceSwift */ = {
			isa = PBXNativeTarget;
			buildConfigurationList = 04887E802463F4FF0079C3DF /* Build configuration list for PBXNativeTarget "AdvanceSwift" */;
			buildPhases = (
				04887E522463F4FC0079C3DF /* Sources */,
				04887E532463F4FC0079C3DF /* Frameworks */,
				04887E542463F4FC0079C3DF /* Resources */,
			);
			buildRules = (
			);
			dependencies = (
			);
			name = AdvanceSwift;
			productName = AdvanceSwift;
			productReference = 04887E562463F4FC0079C3DF /* AdvanceSwift.app */;
			productType = "com.apple.product-type.application";
		};
		04887E6B2463F4FF0079C3DF /* AdvanceSwiftTests */ = {
			isa = PBXNativeTarget;
			buildConfigurationList = 04887E832463F4FF0079C3DF /* Build configuration list for PBXNativeTarget "AdvanceSwiftTests" */;
			buildPhases = (
				04887E682463F4FF0079C3DF /* Sources */,
				04887E692463F4FF0079C3DF /* Frameworks */,
				04887E6A2463F4FF0079C3DF /* Resources */,
			);
			buildRules = (
			);
			dependencies = (
				04887E6E2463F4FF0079C3DF /* PBXTargetDependency */,
			);
			name = AdvanceSwiftTests;
			productName = AdvanceSwiftTests;
			productReference = 04887E6C2463F4FF0079C3DF /* AdvanceSwiftTests.xctest */;
			productType = "com.apple.product-type.bundle.unit-test";
		};
		04887E762463F4FF0079C3DF /* AdvanceSwiftUITests */ = {
			isa = PBXNativeTarget;
			buildConfigurationList = 04887E862463F4FF0079C3DF /* Build configuration list for PBXNativeTarget "AdvanceSwiftUITests" */;
			buildPhases = (
				04887E732463F4FF0079C3DF /* Sources */,
				04887E742463F4FF0079C3DF /* Frameworks */,
				04887E752463F4FF0079C3DF /* Resources */,
			);
			buildRules = (
			);
			dependencies = (
				04887E792463F4FF0079C3DF /* PBXTargetDependency */,
			);
			name = AdvanceSwiftUITests;
			productName = AdvanceSwiftUITests;
			productReference = 04887E772463F4FF0079C3DF /* AdvanceSwiftUITests.xctest */;
			productType = "com.apple.product-type.bundle.ui-testing";
		};
/* End PBXNativeTarget section */

/* Begin PBXProject section */
		04887E4E2463F4FC0079C3DF /* Project object */ = {
			isa = PBXProject;
			attributes = {
				LastSwiftUpdateCheck = 1140;
				LastUpgradeCheck = 1140;
				ORGANIZATIONNAME = vn.netstars;
				TargetAttributes = {
					04887E552463F4FC0079C3DF = {
						CreatedOnToolsVersion = 11.4.1;
					};
					04887E6B2463F4FF0079C3DF = {
						CreatedOnToolsVersion = 11.4.1;
						TestTargetID = 04887E552463F4FC0079C3DF;
					};
					04887E762463F4FF0079C3DF = {
						CreatedOnToolsVersion = 11.4.1;
						TestTargetID = 04887E552463F4FC0079C3DF;
					};
				};
			};
			buildConfigurationList = 04887E512463F4FC0079C3DF /* Build configuration list for PBXProject "AdvanceSwift" */;
			compatibilityVersion = "Xcode 9.3";
			developmentRegion = en;
			hasScannedForEncodings = 0;
			knownRegions = (
				en,
				Base,
			);
			mainGroup = 04887E4D2463F4FC0079C3DF;
			productRefGroup = 04887E572463F4FC0079C3DF /* Products */;
			projectDirPath = "";
			projectRoot = "";
			targets = (
				04887E552463F4FC0079C3DF /* AdvanceSwift */,
				04887E6B2463F4FF0079C3DF /* AdvanceSwiftTests */,
				04887E762463F4FF0079C3DF /* AdvanceSwiftUITests */,
			);
		};
/* End PBXProject section */

/* Begin PBXResourcesBuildPhase section */
		04887E542463F4FC0079C3DF /* Resources */ = {
			isa = PBXResourcesBuildPhase;
			buildActionMask = 2147483647;
			files = (
				04887E662463F4FE0079C3DF /* LaunchScreen.storyboard in Resources */,
				04887E632463F4FE0079C3DF /* Assets.xcassets in Resources */,
				04887E612463F4FC0079C3DF /* Main.storyboard in Resources */,
			);
			runOnlyForDeploymentPostprocessing = 0;
		};
		04887E6A2463F4FF0079C3DF /* Resources */ = {
			isa = PBXResourcesBuildPhase;
			buildActionMask = 2147483647;
			files = (
			);
			runOnlyForDeploymentPostprocessing = 0;
		};
		04887E752463F4FF0079C3DF /* Resources */ = {
			isa = PBXResourcesBuildPhase;
			buildActionMask = 2147483647;
			files = (
			);
			runOnlyForDeploymentPostprocessing = 0;
		};
/* End PBXResourcesBuildPhase section */

/* Begin PBXSourcesBuildPhase section */
		04887E522463F4FC0079C3DF /* Sources */ = {
			isa = PBXSourcesBuildPhase;
			buildActionMask = 2147483647;
			files = (
				04887E5E2463F4FC0079C3DF /* ViewController.swift in Sources */,
				04887E5A2463F4FC0079C3DF /* AppDelegate.swift in Sources */,
				04887E5C2463F4FC0079C3DF /* SceneDelegate.swift in Sources */,
			);
			runOnlyForDeploymentPostprocessing = 0;
		};
		04887E682463F4FF0079C3DF /* Sources */ = {
			isa = PBXSourcesBuildPhase;
			buildActionMask = 2147483647;
			files = (
				04887E712463F4FF0079C3DF /* AdvanceSwiftTests.swift in Sources */,
			);
			runOnlyForDeploymentPostprocessing = 0;
		};
		04887E732463F4FF0079C3DF /* Sources */ = {
			isa = PBXSourcesBuildPhase;
			buildActionMask = 2147483647;
			files = (
				04887E7C2463F4FF0079C3DF /* AdvanceSwiftUITests.swift in Sources */,
			);
			runOnlyForDeploymentPostprocessing = 0;
		};
/* End PBXSourcesBuildPhase section */

/* Begin PBXTargetDependency section */
		04887E6E2463F4FF0079C3DF /* PBXTargetDependency */ = {
			isa = PBXTargetDependency;
			target = 04887E552463F4FC0079C3DF /* AdvanceSwift */;
			targetProxy = 04887E6D2463F4FF0079C3DF /* PBXContainerItemProxy */;
		};
		04887E792463F4FF0079C3DF /* PBXTargetDependency */ = {
			isa = PBXTargetDependency;
			target = 04887E552463F4FC0079C3DF /* AdvanceSwift */;
			targetProxy = 04887E782463F4FF0079C3DF /* PBXContainerItemProxy */;
		};
/* End PBXTargetDependency section */

/* Begin PBXVariantGroup section */
		04887E5F2463F4FC0079C3DF /* Main.storyboard */ = {
			isa = PBXVariantGroup;
			children = (
				04887E602463F4FC0079C3DF /* Base */,
			);
			name = Main.storyboard;
			sourceTree = "<group>";
		};
		04887E642463F4FE0079C3DF /* LaunchScreen.storyboard */ = {
			isa = PBXVariantGroup;
			children = (
				04887E652463F4FE0079C3DF /* Base */,
			);
			name = LaunchScreen.storyboard;
			sourceTree = "<group>";
		};
/* End PBXVariantGroup section */

/* Begin XCBuildConfiguration section */
		04887E7E2463F4FF0079C3DF /* Debug */ = {
			isa = XCBuildConfiguration;
			buildSettings = {
				ALWAYS_SEARCH_USER_PATHS = NO;
				CLANG_ANALYZER_NONNULL = YES;
				CLANG_ANALYZER_NUMBER_OBJECT_CONVERSION = YES_AGGRESSIVE;
				CLANG_CXX_LANGUAGE_STANDARD = "gnu++14";
				CLANG_CXX_LIBRARY = "libc++";
				CLANG_ENABLE_MODULES = YES;
				CLANG_ENABLE_OBJC_ARC = YES;
				CLANG_ENABLE_OBJC_WEAK = YES;
				CLANG_WARN_BLOCK_CAPTURE_AUTORELEASING = YES;
				CLANG_WARN_BOOL_CONVERSION = YES;
				CLANG_WARN_COMMA = YES;
				CLANG_WARN_CONSTANT_CONVERSION = YES;
				CLANG_WARN_DEPRECATED_OBJC_IMPLEMENTATIONS = YES;
				CLANG_WARN_DIRECT_OBJC_ISA_USAGE = YES_ERROR;
				CLANG_WARN_DOCUMENTATION_COMMENTS = YES;
				CLANG_WARN_EMPTY_BODY = YES;
				CLANG_WARN_ENUM_CONVERSION = YES;
				CLANG_WARN_INFINITE_RECURSION = YES;
				CLANG_WARN_INT_CONVERSION = YES;
				CLANG_WARN_NON_LITERAL_NULL_CONVERSION = YES;
				CLANG_WARN_OBJC_IMPLICIT_RETAIN_SELF = YES;
				CLANG_WARN_OBJC_LITERAL_CONVERSION = YES;
				CLANG_WARN_OBJC_ROOT_CLASS = YES_ERROR;
				CLANG_WARN_RANGE_LOOP_ANALYSIS = YES;
				CLANG_WARN_STRICT_PROTOTYPES = YES;
				CLANG_WARN_SUSPICIOUS_MOVE = YES;
				CLANG_WARN_UNGUARDED_AVAILABILITY = YES_AGGRESSIVE;
				CLANG_WARN_UNREACHABLE_CODE = YES;
				CLANG_WARN__DUPLICATE_METHOD_MATCH = YES;
				COPY_PHASE_STRIP = NO;
				DEBUG_INFORMATION_FORMAT = dwarf;
				ENABLE_STRICT_OBJC_MSGSEND = YES;
				ENABLE_TESTABILITY = YES;
				GCC_C_LANGUAGE_STANDARD = gnu11;
				GCC_DYNAMIC_NO_PIC = NO;
				GCC_NO_COMMON_BLOCKS = YES;
				GCC_OPTIMIZATION_LEVEL = 0;
				GCC_PREPROCESSOR_DEFINITIONS = (
					"DEBUG=1",
					"$(inherited)",
				);
				GCC_WARN_64_TO_32_BIT_CONVERSION = YES;
				GCC_WARN_ABOUT_RETURN_TYPE = YES_ERROR;
				GCC_WARN_UNDECLARED_SELECTOR = YES;
				GCC_WARN_UNINITIALIZED_AUTOS = YES_AGGRESSIVE;
				GCC_WARN_UNUSED_FUNCTION = YES;
				GCC_WARN_UNUSED_VARIABLE = YES;
				IPHONEOS_DEPLOYMENT_TARGET = 13.0;
				MTL_ENABLE_DEBUG_INFO = INCLUDE_SOURCE;
				MTL_FAST_MATH = YES;
				ONLY_ACTIVE_ARCH = YES;
				SDKROOT = iphoneos;
				SWIFT_ACTIVE_COMPILATION_CONDITIONS = DEBUG;
				SWIFT_OPTIMIZATION_LEVEL = "-Onone";
			};
			name = Debug;
		};
		04887E7F2463F4FF0079C3DF /* Release */ = {
			isa = XCBuildConfiguration;
			buildSettings = {
				ALWAYS_SEARCH_USER_PATHS = NO;
				CLANG_ANALYZER_NONNULL = YES;
				CLANG_ANALYZER_NUMBER_OBJECT_CONVERSION = YES_AGGRESSIVE;
				CLANG_CXX_LANGUAGE_STANDARD = "gnu++14";
				CLANG_CXX_LIBRARY = "libc++";
				CLANG_ENABLE_MODULES = YES;
				CLANG_ENABLE_OBJC_ARC = YES;
				CLANG_ENABLE_OBJC_WEAK = YES;
				CLANG_WARN_BLOCK_CAPTURE_AUTORELEASING = YES;
				CLANG_WARN_BOOL_CONVERSION = YES;
				CLANG_WARN_COMMA = YES;
				CLANG_WARN_CONSTANT_CONVERSION = YES;
				CLANG_WARN_DEPRECATED_OBJC_IMPLEMENTATIONS = YES;
				CLANG_WARN_DIRECT_OBJC_ISA_USAGE = YES_ERROR;
				CLANG_WARN_DOCUMENTATION_COMMENTS = YES;
				CLANG_WARN_EMPTY_BODY = YES;
				CLANG_WARN_ENUM_CONVERSION = YES;
				CLANG_WARN_INFINITE_RECURSION = YES;
				CLANG_WARN_INT_CONVERSION = YES;
				CLANG_WARN_NON_LITERAL_NULL_CONVERSION = YES;
				CLANG_WARN_OBJC_IMPLICIT_RETAIN_SELF = YES;
				CLANG_WARN_OBJC_LITERAL_CONVERSION = YES;
				CLANG_WARN_OBJC_ROOT_CLASS = YES_ERROR;
				CLANG_WARN_RANGE_LOOP_ANALYSIS = YES;
				CLANG_WARN_STRICT_PROTOTYPES = YES;
				CLANG_WARN_SUSPICIOUS_MOVE = YES;
				CLANG_WARN_UNGUARDED_AVAILABILITY = YES_AGGRESSIVE;
				CLANG_WARN_UNREACHABLE_CODE = YES;
				CLANG_WARN__DUPLICATE_METHOD_MATCH = YES;
				COPY_PHASE_STRIP = NO;
				DEBUG_INFORMATION_FORMAT = "dwarf-with-dsym";
				ENABLE_NS_ASSERTIONS = NO;
				ENABLE_STRICT_OBJC_MSGSEND = YES;
				GCC_C_LANGUAGE_STANDARD = gnu11;
				GCC_NO_COMMON_BLOCKS = YES;
				GCC_WARN_64_TO_32_BIT_CONVERSION = YES;
				GCC_WARN_ABOUT_RETURN_TYPE = YES_ERROR;
				GCC_WARN_UNDECLARED_SELECTOR = YES;
				GCC_WARN_UNINITIALIZED_AUTOS = YES_AGGRESSIVE;
				GCC_WARN_UNUSED_FUNCTION = YES;
				GCC_WARN_UNUSED_VARIABLE = YES;
				IPHONEOS_DEPLOYMENT_TARGET = 13.0;
				MTL_ENABLE_DEBUG_INFO = NO;
				MTL_FAST_MATH = YES;
				SDKROOT = iphoneos;
				SWIFT_COMPILATION_MODE = wholemodule;
				SWIFT_OPTIMIZATION_LEVEL = "-O";
				VALIDATE_PRODUCT = YES;
			};
			name = Release;
		};
		04887E812463F4FF0079C3DF /* Debug */ = {
			isa = XCBuildConfiguration;
			buildSettings = {
				ASSETCATALOG_COMPILER_APPICON_NAME = AppIcon;
				CODE_SIGN_STYLE = Automatic;
				INFOPLIST_FILE = AdvanceSwift/Info.plist;
				LD_RUNPATH_SEARCH_PATHS = (
					"$(inherited)",
					"@executable_path/Frameworks",
				);
				PRODUCT_BUNDLE_IDENTIFIER = vn.netstars.AdvanceSwift;
				PRODUCT_NAME = "$(TARGET_NAME)";
				SWIFT_VERSION = 5.0;
				TARGETED_DEVICE_FAMILY = "1,2";
			};
			name = Debug;
		};
		04887E822463F4FF0079C3DF /* Release */ = {
			isa = XCBuildConfiguration;
			buildSettings = {
				ASSETCATALOG_COMPILER_APPICON_NAME = AppIcon;
				CODE_SIGN_STYLE = Automatic;
				INFOPLIST_FILE = AdvanceSwift/Info.plist;
				LD_RUNPATH_SEARCH_PATHS = (
					"$(inherited)",
					"@executable_path/Frameworks",
				);
				PRODUCT_BUNDLE_IDENTIFIER = vn.netstars.AdvanceSwift;
				PRODUCT_NAME = "$(TARGET_NAME)";
				SWIFT_VERSION = 5.0;
				TARGETED_DEVICE_FAMILY = "1,2";
			};
			name = Release;
		};
		04887E842463F4FF0079C3DF /* Debug */ = {
			isa = XCBuildConfiguration;
			buildSettings = {
				ALWAYS_EMBED_SWIFT_STANDARD_LIBRARIES = YES;
				BUNDLE_LOADER = "$(TEST_HOST)";
				CODE_SIGN_STYLE = Automatic;
				INFOPLIST_FILE = AdvanceSwiftTests/Info.plist;
				IPHONEOS_DEPLOYMENT_TARGET = 13.4;
				LD_RUNPATH_SEARCH_PATHS = (
					"$(inherited)",
					"@executable_path/Frameworks",
					"@loader_path/Frameworks",
				);
				PRODUCT_BUNDLE_IDENTIFIER = vn.netstars.AdvanceSwiftTests;
				PRODUCT_NAME = "$(TARGET_NAME)";
				SWIFT_VERSION = 5.0;
				TARGETED_DEVICE_FAMILY = "1,2";
				TEST_HOST = "$(BUILT_PRODUCTS_DIR)/AdvanceSwift.app/AdvanceSwift";
			};
			name = Debug;
		};
		04887E852463F4FF0079C3DF /* Release */ = {
			isa = XCBuildConfiguration;
			buildSettings = {
				ALWAYS_EMBED_SWIFT_STANDARD_LIBRARIES = YES;
				BUNDLE_LOADER = "$(TEST_HOST)";
				CODE_SIGN_STYLE = Automatic;
				INFOPLIST_FILE = AdvanceSwiftTests/Info.plist;
				IPHONEOS_DEPLOYMENT_TARGET = 13.4;
				LD_RUNPATH_SEARCH_PATHS = (
					"$(inherited)",
					"@executable_path/Frameworks",
					"@loader_path/Frameworks",
				);
				PRODUCT_BUNDLE_IDENTIFIER = vn.netstars.AdvanceSwiftTests;
				PRODUCT_NAME = "$(TARGET_NAME)";
				SWIFT_VERSION = 5.0;
				TARGETED_DEVICE_FAMILY = "1,2";
				TEST_HOST = "$(BUILT_PRODUCTS_DIR)/AdvanceSwift.app/AdvanceSwift";
			};
			name = Release;
		};
		04887E872463F4FF0079C3DF /* Debug */ = {
			isa = XCBuildConfiguration;
			buildSettings = {
				ALWAYS_EMBED_SWIFT_STANDARD_LIBRARIES = YES;
				CODE_SIGN_STYLE = Automatic;
				INFOPLIST_FILE = AdvanceSwiftUITests/Info.plist;
				LD_RUNPATH_SEARCH_PATHS = (
					"$(inherited)",
					"@executable_path/Frameworks",
					"@loader_path/Frameworks",
				);
				PRODUCT_BUNDLE_IDENTIFIER = vn.netstars.AdvanceSwiftUITests;
				PRODUCT_NAME = "$(TARGET_NAME)";
				SWIFT_VERSION = 5.0;
				TARGETED_DEVICE_FAMILY = "1,2";
				TEST_TARGET_NAME = AdvanceSwift;
			};
			name = Debug;
		};
		04887E882463F4FF0079C3DF /* Release */ = {
			isa = XCBuildConfiguration;
			buildSettings = {
				ALWAYS_EMBED_SWIFT_STANDARD_LIBRARIES = YES;
				CODE_SIGN_STYLE = Automatic;
				INFOPLIST_FILE = AdvanceSwiftUITests/Info.plist;
				LD_RUNPATH_SEARCH_PATHS = (
					"$(inherited)",
					"@executable_path/Frameworks",
					"@loader_path/Frameworks",
				);
				PRODUCT_BUNDLE_IDENTIFIER = vn.netstars.AdvanceSwiftUITests;
				PRODUCT_NAME = "$(TARGET_NAME)";
				SWIFT_VERSION = 5.0;
				TARGETED_DEVICE_FAMILY = "1,2";
				TEST_TARGET_NAME = AdvanceSwift;
			};
			name = Release;
		};
/* End XCBuildConfiguration section */

/* Begin XCConfigurationList section */
		04887E512463F4FC0079C3DF /* Build configuration list for PBXProject "AdvanceSwift" */ = {
			isa = XCConfigurationList;
			buildConfigurations = (
				04887E7E2463F4FF0079C3DF /* Debug */,
				04887E7F2463F4FF0079C3DF /* Release */,
			);
			defaultConfigurationIsVisible = 0;
			defaultConfigurationName = Release;
		};
		04887E802463F4FF0079C3DF /* Build configuration list for PBXNativeTarget "AdvanceSwift" */ = {
			isa = XCConfigurationList;
			buildConfigurations = (
				04887E812463F4FF0079C3DF /* Debug */,
				04887E822463F4FF0079C3DF /* Release */,
			);
			defaultConfigurationIsVisible = 0;
			defaultConfigurationName = Release;
		};
		04887E832463F4FF0079C3DF /* Build configuration list for PBXNativeTarget "AdvanceSwiftTests" */ = {
			isa = XCConfigurationList;
			buildConfigurations = (
				04887E842463F4FF0079C3DF /* Debug */,
				04887E852463F4FF0079C3DF /* Release */,
			);
			defaultConfigurationIsVisible = 0;
			defaultConfigurationName = Release;
		};
		04887E862463F4FF0079C3DF /* Build configuration list for PBXNativeTarget "AdvanceSwiftUITests" */ = {
			isa = XCConfigurationList;
			buildConfigurations = (
				04887E872463F4FF0079C3DF /* Debug */,
				04887E882463F4FF0079C3DF /* Release */,
			);
			defaultConfigurationIsVisible = 0;
			defaultConfigurationName = Release;
		};
/* End XCConfigurationList section */
	};
	rootObject = 04887E4E2463F4FC0079C3DF /* Project object */;
}
